
Microsoft Visual Studio Solution File, Format Version 12.00
Project("{FAE04EC0-301F-11D3-BF4B-00C04F79EFBC}") = "MapCreator", "MapCreator\MapCreator.csproj", "{A7649A68-7CC2-435A-81FF-01E4359B0CFC}"
EndProject
Global
	GlobalSection(SolutionConfigurationPlatforms) = preSolution
		Debug|Any CPU = Debug|Any CPU
		Release|Any CPU = Release|Any CPU
	EndGlobalSection
	GlobalSection(ProjectConfigurationPlatforms) = postSolution
		{A7649A68-7CC2-435A-81FF-01E4359B0CFC}.Debug|Any CPU.ActiveCfg = Debug|Any CPU
		{A7649A68-7CC2-435A-81FF-01E4359B0CFC}.Debug|Any CPU.Build.0 = Debug|Any CPU
		{A7649A68-7CC2-435A-81FF-01E4359B0CFC}.Release|Any CPU.ActiveCfg = Release|Any CPU
		{A7649A68-7CC2-435A-81FF-01E4359B0CFC}.Release|Any CPU.Build.0 = Release|Any CPU
	EndGlobalSection
EndGlobal
